# This file is autogenerated, do not edit; changes may be undone by the next 'dep ensure'.


[[projects]]
  name = "github.com/gizak/termui"
  packages = ["."]
  revision = "24acd523c756fd9728824cdfac66aad9d8982fb7"
  version = "v2.2.0"

[[projects]]
  name = "github.com/go-redis/redis"
  packages = [".","internal","internal/consistenthash","internal/hashtag","internal/pool","internal/proto"]
  revision = "35248155a505a84811be81a2aab1c423317447be"
  version = "v6.7.2"

[[projects]]
  branch = "master"
  name = "github.com/jehiah/go-strftime"
  packages = ["."]
  revision = "2efbe75097a505e2789f7e39cb9da067b5be8e3e"

[[projects]]
  name = "github.com/maruel/panicparse"
  packages = ["stack"]
  revision = "f6ee1e454807f72b84277a84fc06437081340a1b"
  version = "v1.0.1"

[[projects]]
  name = "github.com/mattn/go-runewidth"
  packages = ["."]
  revision = "9e777a8366cce605130a531d2cd6363d07ad7317"
  version = "v0.0.2"

[[projects]]
  branch = "master"
  name = "github.com/mitchellh/go-wordwrap"
  packages = ["."]
  revision = "ad45545899c7b13c020ea92b2072220eefad42b8"

[[projects]]
  branch = "master"
  name = "github.com/moul/http2curl"
  packages = ["."]
  revision = "9ac6cf4d929b2fa8fd2d2e6dec5bb0feb4f4911d"

[[projects]]
  branch = "master"
  name = "github.com/nsf/termbox-go"
  packages = ["."]
  revision = "10cefba34bc5e7a6e5df0836a42513c28a10e074"

[[projects]]
  name = "github.com/parnurzeal/gorequest"
  packages = ["."]
  revision = "a578a48e8d6ca8b01a3b18314c43c6716bb5f5a3"
  version = "v0.2.15"

[[projects]]
  name = "github.com/pkg/errors"
  packages = ["."]
  revision = "645ef00459ed84a119197bfb8d8205042c6df63d"
  version = "v0.8.0"

[[projects]]
  branch = "master"
  name = "golang.org/x/net"
  packages = ["idna","publicsuffix"]
  revision = "7b572d500b0702f1ea30a47083ce2e1e5c61edba"

[[projects]]
  branch = "master"
  name = "golang.org/x/text"
  packages = ["collate","collate/build","internal/colltab","internal/gen","internal/tag","internal/triegen","internal/ucd","language","secure/bidirule","transform","unicode/bidi","unicode/cldr","unicode/norm","unicode/rangetable"]
  revision = "6eab0e8f74e86c598ec3b6fad4888e0c11482d48"

[solve-meta]
  analyzer-name = "dep"
  analyzer-version = 1
  inputs-digest = "c6186af314becb350f8e21d1c23f9b027919b8b9a0c8edea823173e85552d54d"
  solver-name = "gps-cdcl"
  solver-version = 1
